// !$*UTF8*$!
{
	archiveVersion = 1;
	classes = {
	};
	objectVersion = 50;
	objects = {

/* Begin PBXBuildFile section */
		7C4A6B502387E8B600CF4EDB /* Comparable+Extension.swift in Sources */ = {isa = PBXBuildFile; fileRef = 7C4A6B4F2387E8B600CF4EDB /* Comparable+Extension.swift */; };
		7C51BADB23487334005F0884 /* AppDelegate.swift in Sources */ = {isa = PBXBuildFile; fileRef = 7C51BADA23487334005F0884 /* AppDelegate.swift */; };
		7C51BAE223487334005F0884 /* Main.storyboard in Resources */ = {isa = PBXBuildFile; fileRef = 7C51BAE023487334005F0884 /* Main.storyboard */; };
		7C51BAE423487335005F0884 /* Assets.xcassets in Resources */ = {isa = PBXBuildFile; fileRef = 7C51BAE323487335005F0884 /* Assets.xcassets */; };
		7C51BAE723487335005F0884 /* LaunchScreen.storyboard in Resources */ = {isa = PBXBuildFile; fileRef = 7C51BAE523487335005F0884 /* LaunchScreen.storyboard */; };
		7C51BAF1234873DF005F0884 /* Radio.swift in Sources */ = {isa = PBXBuildFile; fileRef = 7C51BAF0234873DF005F0884 /* Radio.swift */; };
		7C51BAF823487414005F0884 /* Playlist.swift in Sources */ = {isa = PBXBuildFile; fileRef = 7C51BAF323487414005F0884 /* Playlist.swift */; };
		7C51BAF923487414005F0884 /* NowPlayable.swift in Sources */ = {isa = PBXBuildFile; fileRef = 7C51BAF423487414005F0884 /* NowPlayable.swift */; };
		7C51BAFA23487414005F0884 /* PlaylistBuilder.swift in Sources */ = {isa = PBXBuildFile; fileRef = 7C51BAF523487414005F0884 /* PlaylistBuilder.swift */; };
		7C51BAFB23487414005F0884 /* PlaylistManager.swift in Sources */ = {isa = PBXBuildFile; fileRef = 7C51BAF623487414005F0884 /* PlaylistManager.swift */; };
		7C51BB052348747E005F0884 /* SeriesCollectionView.swift in Sources */ = {isa = PBXBuildFile; fileRef = 7C51BAFE2348747D005F0884 /* SeriesCollectionView.swift */; };
		7C51BB062348747E005F0884 /* StationTableViewCell.swift in Sources */ = {isa = PBXBuildFile; fileRef = 7C51BAFF2348747D005F0884 /* StationTableViewCell.swift */; };
		7C51BB072348747E005F0884 /* SeriesCollectionViewCell.swift in Sources */ = {isa = PBXBuildFile; fileRef = 7C51BB002348747D005F0884 /* SeriesCollectionViewCell.swift */; };
		7C51BB082348747E005F0884 /* ControlsButton.swift in Sources */ = {isa = PBXBuildFile; fileRef = 7C51BB012348747D005F0884 /* ControlsButton.swift */; };
		7C51BB092348747E005F0884 /* MarqueeLabel.swift in Sources */ = {isa = PBXBuildFile; fileRef = 7C51BB022348747D005F0884 /* MarqueeLabel.swift */; };
		7C51BB0A2348747E005F0884 /* HairlineView.swift in Sources */ = {isa = PBXBuildFile; fileRef = 7C51BB032348747D005F0884 /* HairlineView.swift */; };
		7C51BB0B2348747E005F0884 /* StationsHeaderTableViewCell.swift in Sources */ = {isa = PBXBuildFile; fileRef = 7C51BB042348747D005F0884 /* StationsHeaderTableViewCell.swift */; };
		7C51BB10234874B8005F0884 /* UIView+Extension.swift in Sources */ = {isa = PBXBuildFile; fileRef = 7C51BB0D234874B8005F0884 /* UIView+Extension.swift */; };
		7C51BB11234874B8005F0884 /* UINavigationBar+Extension.swift in Sources */ = {isa = PBXBuildFile; fileRef = 7C51BB0E234874B8005F0884 /* UINavigationBar+Extension.swift */; };
		7C51BB12234874B8005F0884 /* Date+Extension.swift in Sources */ = {isa = PBXBuildFile; fileRef = 7C51BB0F234874B8005F0884 /* Date+Extension.swift */; };
		7C51BB16234874E6005F0884 /* ESTMusicIndicatorContentView.swift in Sources */ = {isa = PBXBuildFile; fileRef = 7C51BB14234874E6005F0884 /* ESTMusicIndicatorContentView.swift */; };
		7C51BB17234874E6005F0884 /* ESTMusicIndicatorView.swift in Sources */ = {isa = PBXBuildFile; fileRef = 7C51BB15234874E6005F0884 /* ESTMusicIndicatorView.swift */; };
		7C51BB1D23487557005F0884 /* CardIndicatorView.swift in Sources */ = {isa = PBXBuildFile; fileRef = 7C51BB1C23487557005F0884 /* CardIndicatorView.swift */; };
		7C51BB2323487587005F0884 /* CardPresentationController.swift in Sources */ = {isa = PBXBuildFile; fileRef = 7C51BB1F23487587005F0884 /* CardPresentationController.swift */; };
		7C51BB2423487587005F0884 /* CardDismissingAnimationController.swift in Sources */ = {isa = PBXBuildFile; fileRef = 7C51BB2023487587005F0884 /* CardDismissingAnimationController.swift */; };
		7C51BB2523487587005F0884 /* CardTransitioningDelegate.swift in Sources */ = {isa = PBXBuildFile; fileRef = 7C51BB2123487587005F0884 /* CardTransitioningDelegate.swift */; };
		7C51BB2623487587005F0884 /* CardPresentingAnimationController.swift in Sources */ = {isa = PBXBuildFile; fileRef = 7C51BB2223487587005F0884 /* CardPresentingAnimationController.swift */; };
		7C51BB29234875B7005F0884 /* CardControllerDelegate.swift in Sources */ = {isa = PBXBuildFile; fileRef = 7C51BB28234875B7005F0884 /* CardControllerDelegate.swift */; };
		7C51BB2C234875E7005F0884 /* CardHaptic.swift in Sources */ = {isa = PBXBuildFile; fileRef = 7C51BB2B234875E7005F0884 /* CardHaptic.swift */; };
		7C51BB342348760F005F0884 /* StationsViewController.swift in Sources */ = {isa = PBXBuildFile; fileRef = 7C51BB2E2348760F005F0884 /* StationsViewController.swift */; };
		7C51BB352348760F005F0884 /* SeriesViewController.swift in Sources */ = {isa = PBXBuildFile; fileRef = 7C51BB2F2348760F005F0884 /* SeriesViewController.swift */; };
		7C51BB362348760F005F0884 /* RootViewController.swift in Sources */ = {isa = PBXBuildFile; fileRef = 7C51BB302348760F005F0884 /* RootViewController.swift */; };
		7C51BB372348760F005F0884 /* PlayerCardViewController.swift in Sources */ = {isa = PBXBuildFile; fileRef = 7C51BB312348760F005F0884 /* PlayerCardViewController.swift */; };
		7C51BB382348760F005F0884 /* MiniPlayerViewController.swift in Sources */ = {isa = PBXBuildFile; fileRef = 7C51BB322348760F005F0884 /* MiniPlayerViewController.swift */; };
		7C51BB392348760F005F0884 /* NavigationController.swift in Sources */ = {isa = PBXBuildFile; fileRef = 7C51BB332348760F005F0884 /* NavigationController.swift */; };
		7C83493E237F3B7F00C7C355 /* AsyncOperation.swift in Sources */ = {isa = PBXBuildFile; fileRef = 7C834939237F3B7E00C7C355 /* AsyncOperation.swift */; };
		7C83493F237F3B7F00C7C355 /* AudiofilesDownloadOperation.swift in Sources */ = {isa = PBXBuildFile; fileRef = 7C83493A237F3B7E00C7C355 /* AudiofilesDownloadOperation.swift */; };
		7C834940237F3B7F00C7C355 /* FileDownloadOperation.swift in Sources */ = {isa = PBXBuildFile; fileRef = 7C83493B237F3B7E00C7C355 /* FileDownloadOperation.swift */; };
		7C834941237F3B7F00C7C355 /* SeriesModelDownloadOperation.swift in Sources */ = {isa = PBXBuildFile; fileRef = 7C83493C237F3B7F00C7C355 /* SeriesModelDownloadOperation.swift */; };
		7C834942237F3B7F00C7C355 /* StationModelDownloadOperation.swift in Sources */ = {isa = PBXBuildFile; fileRef = 7C83493D237F3B7F00C7C355 /* StationModelDownloadOperation.swift */; };
		7C834945237F3B8E00C7C355 /* DownloadError.swift in Sources */ = {isa = PBXBuildFile; fileRef = 7C834943237F3B8E00C7C355 /* DownloadError.swift */; };
		7C834946237F3B8E00C7C355 /* FilesDownloadTask.swift in Sources */ = {isa = PBXBuildFile; fileRef = 7C834944237F3B8E00C7C355 /* FilesDownloadTask.swift */; };
		7C83494B237FC37A00C7C355 /* MediaLibrary.swift in Sources */ = {isa = PBXBuildFile; fileRef = 7C834947237FC37A00C7C355 /* MediaLibrary.swift */; };
		7C83494C237FC37A00C7C355 /* Series.swift in Sources */ = {isa = PBXBuildFile; fileRef = 7C834948237FC37A00C7C355 /* Series.swift */; };
		7C83494D237FC37A00C7C355 /* LibraryError.swift in Sources */ = {isa = PBXBuildFile; fileRef = 7C834949237FC37A00C7C355 /* LibraryError.swift */; };
		7C83494E237FC37A00C7C355 /* Model.swift in Sources */ = {isa = PBXBuildFile; fileRef = 7C83494A237FC37A00C7C355 /* Model.swift */; };
		7C834952237FC3D500C7C355 /* Double+Extension.swift in Sources */ = {isa = PBXBuildFile; fileRef = 7C83494F237FC3D500C7C355 /* Double+Extension.swift */; };
		7C834953237FC3D500C7C355 /* FileManager+Extension.swift in Sources */ = {isa = PBXBuildFile; fileRef = 7C834950237FC3D500C7C355 /* FileManager+Extension.swift */; };
		7C834954237FC3D500C7C355 /* String+Extension.swift in Sources */ = {isa = PBXBuildFile; fileRef = 7C834951237FC3D500C7C355 /* String+Extension.swift */; };
		7C834958237FC44400C7C355 /* Progress.swift in Sources */ = {isa = PBXBuildFile; fileRef = 7C834956237FC44400C7C355 /* Progress.swift */; };
		7C834959237FC44400C7C355 /* Synchronization.swift in Sources */ = {isa = PBXBuildFile; fileRef = 7C834957237FC44400C7C355 /* Synchronization.swift */; };
		7C9C3EA3237F368A0063D235 /* SimRadio.xcdatamodeld in Sources */ = {isa = PBXBuildFile; fileRef = 7C9C3EA1237F368A0063D235 /* SimRadio.xcdatamodeld */; };
		7CBD4255237F38AB008341CF /* DownloadedPersistence+CoreDataClass.swift in Sources */ = {isa = PBXBuildFile; fileRef = 7CBD424B237F38AB008341CF /* DownloadedPersistence+CoreDataClass.swift */; };
		7CBD4256237F38AB008341CF /* DownloadedPersistence+CoreDataProperties.swift in Sources */ = {isa = PBXBuildFile; fileRef = 7CBD424C237F38AB008341CF /* DownloadedPersistence+CoreDataProperties.swift */; };
		7CBD4257237F38AB008341CF /* DownloadTaskPersistence+CoreDataClass.swift in Sources */ = {isa = PBXBuildFile; fileRef = 7CBD424D237F38AB008341CF /* DownloadTaskPersistence+CoreDataClass.swift */; };
		7CBD4258237F38AB008341CF /* DownloadTaskPersistence+CoreDataProperties.swift in Sources */ = {isa = PBXBuildFile; fileRef = 7CBD424E237F38AB008341CF /* DownloadTaskPersistence+CoreDataProperties.swift */; };
		7CBD4259237F38AB008341CF /* SeriesPersistence+CoreDataClass.swift in Sources */ = {isa = PBXBuildFile; fileRef = 7CBD424F237F38AB008341CF /* SeriesPersistence+CoreDataClass.swift */; };
		7CBD425A237F38AB008341CF /* SeriesPersistence+CoreDataProperties.swift in Sources */ = {isa = PBXBuildFile; fileRef = 7CBD4250237F38AB008341CF /* SeriesPersistence+CoreDataProperties.swift */; };
		7CBD425B237F38AB008341CF /* StationPersistence+CoreDataClass.swift in Sources */ = {isa = PBXBuildFile; fileRef = 7CBD4251237F38AB008341CF /* StationPersistence+CoreDataClass.swift */; };
		7CBD425C237F38AB008341CF /* StationPersistence+CoreDataProperties.swift in Sources */ = {isa = PBXBuildFile; fileRef = 7CBD4252237F38AB008341CF /* StationPersistence+CoreDataProperties.swift */; };
		7CBD425D237F38AB008341CF /* DownloadFilePersistence+CoreDataClass.swift in Sources */ = {isa = PBXBuildFile; fileRef = 7CBD4253237F38AB008341CF /* DownloadFilePersistence+CoreDataClass.swift */; };
		7CBD425E237F38AB008341CF /* DownloadFilePersistence+CoreDataProperties.swift in Sources */ = {isa = PBXBuildFile; fileRef = 7CBD4254237F38AB008341CF /* DownloadFilePersistence+CoreDataProperties.swift */; };
		7CE0854A2386CBC600D449CE /* ProgressIndicatorView.swift in Sources */ = {isa = PBXBuildFile; fileRef = 7CE085492386CBC600D449CE /* ProgressIndicatorView.swift */; };
/* End PBXBuildFile section */

/* Begin PBXFileReference section */
		7C4A6B4F2387E8B600CF4EDB /* Comparable+Extension.swift */ = {isa = PBXFileReference; lastKnownFileType = sourcecode.swift; path = "Comparable+Extension.swift"; sourceTree = "<group>"; };
		7C51BAD723487334005F0884 /* Sim Radio.app */ = {isa = PBXFileReference; explicitFileType = wrapper.application; includeInIndex = 0; path = "Sim Radio.app"; sourceTree = BUILT_PRODUCTS_DIR; };
		7C51BADA23487334005F0884 /* AppDelegate.swift */ = {isa = PBXFileReference; lastKnownFileType = sourcecode.swift; path = AppDelegate.swift; sourceTree = "<group>"; };
		7C51BAE123487334005F0884 /* Base */ = {isa = PBXFileReference; lastKnownFileType = file.storyboard; name = Base; path = Base.lproj/Main.storyboard; sourceTree = "<group>"; };
		7C51BAE323487335005F0884 /* Assets.xcassets */ = {isa = PBXFileReference; lastKnownFileType = folder.assetcatalog; path = Assets.xcassets; sourceTree = "<group>"; };
		7C51BAE623487335005F0884 /* Base */ = {isa = PBXFileReference; lastKnownFileType = file.storyboard; name = Base; path = Base.lproj/LaunchScreen.storyboard; sourceTree = "<group>"; };
		7C51BAE823487335005F0884 /* Info.plist */ = {isa = PBXFileReference; lastKnownFileType = text.plist.xml; path = Info.plist; sourceTree = "<group>"; };
		7C51BAF0234873DF005F0884 /* Radio.swift */ = {isa = PBXFileReference; fileEncoding = 4; lastKnownFileType = sourcecode.swift; path = Radio.swift; sourceTree = "<group>"; };
		7C51BAF323487414005F0884 /* Playlist.swift */ = {isa = PBXFileReference; fileEncoding = 4; lastKnownFileType = sourcecode.swift; path = Playlist.swift; sourceTree = "<group>"; };
		7C51BAF423487414005F0884 /* NowPlayable.swift */ = {isa = PBXFileReference; fileEncoding = 4; lastKnownFileType = sourcecode.swift; path = NowPlayable.swift; sourceTree = "<group>"; };
		7C51BAF523487414005F0884 /* PlaylistBuilder.swift */ = {isa = PBXFileReference; fileEncoding = 4; lastKnownFileType = sourcecode.swift; path = PlaylistBuilder.swift; sourceTree = "<group>"; };
		7C51BAF623487414005F0884 /* PlaylistManager.swift */ = {isa = PBXFileReference; fileEncoding = 4; lastKnownFileType = sourcecode.swift; path = PlaylistManager.swift; sourceTree = "<group>"; };
		7C51BAFE2348747D005F0884 /* SeriesCollectionView.swift */ = {isa = PBXFileReference; fileEncoding = 4; lastKnownFileType = sourcecode.swift; path = SeriesCollectionView.swift; sourceTree = "<group>"; };
		7C51BAFF2348747D005F0884 /* StationTableViewCell.swift */ = {isa = PBXFileReference; fileEncoding = 4; lastKnownFileType = sourcecode.swift; path = StationTableViewCell.swift; sourceTree = "<group>"; };
		7C51BB002348747D005F0884 /* SeriesCollectionViewCell.swift */ = {isa = PBXFileReference; fileEncoding = 4; lastKnownFileType = sourcecode.swift; path = SeriesCollectionViewCell.swift; sourceTree = "<group>"; };
		7C51BB012348747D005F0884 /* ControlsButton.swift */ = {isa = PBXFileReference; fileEncoding = 4; lastKnownFileType = sourcecode.swift; path = ControlsButton.swift; sourceTree = "<group>"; };
		7C51BB022348747D005F0884 /* MarqueeLabel.swift */ = {isa = PBXFileReference; fileEncoding = 4; lastKnownFileType = sourcecode.swift; path = MarqueeLabel.swift; sourceTree = "<group>"; };
		7C51BB032348747D005F0884 /* HairlineView.swift */ = {isa = PBXFileReference; fileEncoding = 4; lastKnownFileType = sourcecode.swift; path = HairlineView.swift; sourceTree = "<group>"; };
		7C51BB042348747D005F0884 /* StationsHeaderTableViewCell.swift */ = {isa = PBXFileReference; fileEncoding = 4; lastKnownFileType = sourcecode.swift; path = StationsHeaderTableViewCell.swift; sourceTree = "<group>"; };
		7C51BB0D234874B8005F0884 /* UIView+Extension.swift */ = {isa = PBXFileReference; fileEncoding = 4; lastKnownFileType = sourcecode.swift; path = "UIView+Extension.swift"; sourceTree = "<group>"; };
		7C51BB0E234874B8005F0884 /* UINavigationBar+Extension.swift */ = {isa = PBXFileReference; fileEncoding = 4; lastKnownFileType = sourcecode.swift; path = "UINavigationBar+Extension.swift"; sourceTree = "<group>"; };
		7C51BB0F234874B8005F0884 /* Date+Extension.swift */ = {isa = PBXFileReference; fileEncoding = 4; lastKnownFileType = sourcecode.swift; path = "Date+Extension.swift"; sourceTree = "<group>"; };
		7C51BB14234874E6005F0884 /* ESTMusicIndicatorContentView.swift */ = {isa = PBXFileReference; fileEncoding = 4; lastKnownFileType = sourcecode.swift; path = ESTMusicIndicatorContentView.swift; sourceTree = "<group>"; };
		7C51BB15234874E6005F0884 /* ESTMusicIndicatorView.swift */ = {isa = PBXFileReference; fileEncoding = 4; lastKnownFileType = sourcecode.swift; path = ESTMusicIndicatorView.swift; sourceTree = "<group>"; };
		7C51BB1C23487557005F0884 /* CardIndicatorView.swift */ = {isa = PBXFileReference; fileEncoding = 4; lastKnownFileType = sourcecode.swift; path = CardIndicatorView.swift; sourceTree = "<group>"; };
		7C51BB1F23487587005F0884 /* CardPresentationController.swift */ = {isa = PBXFileReference; fileEncoding = 4; lastKnownFileType = sourcecode.swift; path = CardPresentationController.swift; sourceTree = "<group>"; };
		7C51BB2023487587005F0884 /* CardDismissingAnimationController.swift */ = {isa = PBXFileReference; fileEncoding = 4; lastKnownFileType = sourcecode.swift; path = CardDismissingAnimationController.swift; sourceTree = "<group>"; };
		7C51BB2123487587005F0884 /* CardTransitioningDelegate.swift */ = {isa = PBXFileReference; fileEncoding = 4; lastKnownFileType = sourcecode.swift; path = CardTransitioningDelegate.swift; sourceTree = "<group>"; };
		7C51BB2223487587005F0884 /* CardPresentingAnimationController.swift */ = {isa = PBXFileReference; fileEncoding = 4; lastKnownFileType = sourcecode.swift; path = CardPresentingAnimationController.swift; sourceTree = "<group>"; };
		7C51BB28234875B7005F0884 /* CardControllerDelegate.swift */ = {isa = PBXFileReference; fileEncoding = 4; lastKnownFileType = sourcecode.swift; path = CardControllerDelegate.swift; sourceTree = "<group>"; };
		7C51BB2B234875E7005F0884 /* CardHaptic.swift */ = {isa = PBXFileReference; fileEncoding = 4; lastKnownFileType = sourcecode.swift; path = CardHaptic.swift; sourceTree = "<group>"; };
		7C51BB2E2348760F005F0884 /* StationsViewController.swift */ = {isa = PBXFileReference; fileEncoding = 4; lastKnownFileType = sourcecode.swift; path = StationsViewController.swift; sourceTree = "<group>"; };
		7C51BB2F2348760F005F0884 /* SeriesViewController.swift */ = {isa = PBXFileReference; fileEncoding = 4; lastKnownFileType = sourcecode.swift; path = SeriesViewController.swift; sourceTree = "<group>"; };
		7C51BB302348760F005F0884 /* RootViewController.swift */ = {isa = PBXFileReference; fileEncoding = 4; lastKnownFileType = sourcecode.swift; path = RootViewController.swift; sourceTree = "<group>"; };
		7C51BB312348760F005F0884 /* PlayerCardViewController.swift */ = {isa = PBXFileReference; fileEncoding = 4; lastKnownFileType = sourcecode.swift; path = PlayerCardViewController.swift; sourceTree = "<group>"; };
		7C51BB322348760F005F0884 /* MiniPlayerViewController.swift */ = {isa = PBXFileReference; fileEncoding = 4; lastKnownFileType = sourcecode.swift; path = MiniPlayerViewController.swift; sourceTree = "<group>"; };
		7C51BB332348760F005F0884 /* NavigationController.swift */ = {isa = PBXFileReference; fileEncoding = 4; lastKnownFileType = sourcecode.swift; path = NavigationController.swift; sourceTree = "<group>"; };
		7C834939237F3B7E00C7C355 /* AsyncOperation.swift */ = {isa = PBXFileReference; fileEncoding = 4; lastKnownFileType = sourcecode.swift; path = AsyncOperation.swift; sourceTree = "<group>"; };
		7C83493A237F3B7E00C7C355 /* AudiofilesDownloadOperation.swift */ = {isa = PBXFileReference; fileEncoding = 4; lastKnownFileType = sourcecode.swift; path = AudiofilesDownloadOperation.swift; sourceTree = "<group>"; };
		7C83493B237F3B7E00C7C355 /* FileDownloadOperation.swift */ = {isa = PBXFileReference; fileEncoding = 4; lastKnownFileType = sourcecode.swift; path = FileDownloadOperation.swift; sourceTree = "<group>"; };
		7C83493C237F3B7F00C7C355 /* SeriesModelDownloadOperation.swift */ = {isa = PBXFileReference; fileEncoding = 4; lastKnownFileType = sourcecode.swift; path = SeriesModelDownloadOperation.swift; sourceTree = "<group>"; };
		7C83493D237F3B7F00C7C355 /* StationModelDownloadOperation.swift */ = {isa = PBXFileReference; fileEncoding = 4; lastKnownFileType = sourcecode.swift; path = StationModelDownloadOperation.swift; sourceTree = "<group>"; };
		7C834943237F3B8E00C7C355 /* DownloadError.swift */ = {isa = PBXFileReference; fileEncoding = 4; lastKnownFileType = sourcecode.swift; path = DownloadError.swift; sourceTree = "<group>"; };
		7C834944237F3B8E00C7C355 /* FilesDownloadTask.swift */ = {isa = PBXFileReference; fileEncoding = 4; lastKnownFileType = sourcecode.swift; path = FilesDownloadTask.swift; sourceTree = "<group>"; };
		7C834947237FC37A00C7C355 /* MediaLibrary.swift */ = {isa = PBXFileReference; fileEncoding = 4; lastKnownFileType = sourcecode.swift; path = MediaLibrary.swift; sourceTree = "<group>"; };
		7C834948237FC37A00C7C355 /* Series.swift */ = {isa = PBXFileReference; fileEncoding = 4; lastKnownFileType = sourcecode.swift; path = Series.swift; sourceTree = "<group>"; };
		7C834949237FC37A00C7C355 /* LibraryError.swift */ = {isa = PBXFileReference; fileEncoding = 4; lastKnownFileType = sourcecode.swift; path = LibraryError.swift; sourceTree = "<group>"; };
		7C83494A237FC37A00C7C355 /* Model.swift */ = {isa = PBXFileReference; fileEncoding = 4; lastKnownFileType = sourcecode.swift; path = Model.swift; sourceTree = "<group>"; };
		7C83494F237FC3D500C7C355 /* Double+Extension.swift */ = {isa = PBXFileReference; fileEncoding = 4; lastKnownFileType = sourcecode.swift; path = "Double+Extension.swift"; sourceTree = "<group>"; };
		7C834950237FC3D500C7C355 /* FileManager+Extension.swift */ = {isa = PBXFileReference; fileEncoding = 4; lastKnownFileType = sourcecode.swift; path = "FileManager+Extension.swift"; sourceTree = "<group>"; };
		7C834951237FC3D500C7C355 /* String+Extension.swift */ = {isa = PBXFileReference; fileEncoding = 4; lastKnownFileType = sourcecode.swift; path = "String+Extension.swift"; sourceTree = "<group>"; };
		7C834956237FC44400C7C355 /* Progress.swift */ = {isa = PBXFileReference; fileEncoding = 4; lastKnownFileType = sourcecode.swift; path = Progress.swift; sourceTree = "<group>"; };
		7C834957237FC44400C7C355 /* Synchronization.swift */ = {isa = PBXFileReference; fileEncoding = 4; lastKnownFileType = sourcecode.swift; path = Synchronization.swift; sourceTree = "<group>"; };
		7C9C3EA2237F368A0063D235 /* SimRadio.xcdatamodel */ = {isa = PBXFileReference; lastKnownFileType = wrapper.xcdatamodel; path = SimRadio.xcdatamodel; sourceTree = "<group>"; };
		7CBD424B237F38AB008341CF /* DownloadedPersistence+CoreDataClass.swift */ = {isa = PBXFileReference; lastKnownFileType = sourcecode.swift; path = "DownloadedPersistence+CoreDataClass.swift"; sourceTree = "<group>"; };
		7CBD424C237F38AB008341CF /* DownloadedPersistence+CoreDataProperties.swift */ = {isa = PBXFileReference; lastKnownFileType = sourcecode.swift; path = "DownloadedPersistence+CoreDataProperties.swift"; sourceTree = "<group>"; };
		7CBD424D237F38AB008341CF /* DownloadTaskPersistence+CoreDataClass.swift */ = {isa = PBXFileReference; lastKnownFileType = sourcecode.swift; path = "DownloadTaskPersistence+CoreDataClass.swift"; sourceTree = "<group>"; };
		7CBD424E237F38AB008341CF /* DownloadTaskPersistence+CoreDataProperties.swift */ = {isa = PBXFileReference; lastKnownFileType = sourcecode.swift; path = "DownloadTaskPersistence+CoreDataProperties.swift"; sourceTree = "<group>"; };
		7CBD424F237F38AB008341CF /* SeriesPersistence+CoreDataClass.swift */ = {isa = PBXFileReference; lastKnownFileType = sourcecode.swift; path = "SeriesPersistence+CoreDataClass.swift"; sourceTree = "<group>"; };
		7CBD4250237F38AB008341CF /* SeriesPersistence+CoreDataProperties.swift */ = {isa = PBXFileReference; lastKnownFileType = sourcecode.swift; path = "SeriesPersistence+CoreDataProperties.swift"; sourceTree = "<group>"; };
		7CBD4251237F38AB008341CF /* StationPersistence+CoreDataClass.swift */ = {isa = PBXFileReference; lastKnownFileType = sourcecode.swift; path = "StationPersistence+CoreDataClass.swift"; sourceTree = "<group>"; };
		7CBD4252237F38AB008341CF /* StationPersistence+CoreDataProperties.swift */ = {isa = PBXFileReference; lastKnownFileType = sourcecode.swift; path = "StationPersistence+CoreDataProperties.swift"; sourceTree = "<group>"; };
		7CBD4253237F38AB008341CF /* DownloadFilePersistence+CoreDataClass.swift */ = {isa = PBXFileReference; lastKnownFileType = sourcecode.swift; path = "DownloadFilePersistence+CoreDataClass.swift"; sourceTree = "<group>"; };
		7CBD4254237F38AB008341CF /* DownloadFilePersistence+CoreDataProperties.swift */ = {isa = PBXFileReference; lastKnownFileType = sourcecode.swift; path = "DownloadFilePersistence+CoreDataProperties.swift"; sourceTree = "<group>"; };
		7CE085492386CBC600D449CE /* ProgressIndicatorView.swift */ = {isa = PBXFileReference; fileEncoding = 4; lastKnownFileType = sourcecode.swift; path = ProgressIndicatorView.swift; sourceTree = "<group>"; };
/* End PBXFileReference section */

/* Begin PBXFrameworksBuildPhase section */
		7C51BAD423487334005F0884 /* Frameworks */ = {
			isa = PBXFrameworksBuildPhase;
			buildActionMask = 2147483647;
			files = (
			);
			runOnlyForDeploymentPostprocessing = 0;
		};
/* End PBXFrameworksBuildPhase section */

/* Begin PBXGroup section */
		7C51BACE23487334005F0884 = {
			isa = PBXGroup;
			children = (
				7C51BAD923487334005F0884 /* Sim Radio */,
				7C51BAD823487334005F0884 /* Products */,
			);
			sourceTree = "<group>";
		};
		7C51BAD823487334005F0884 /* Products */ = {
			isa = PBXGroup;
			children = (
				7C51BAD723487334005F0884 /* Sim Radio.app */,
			);
			name = Products;
			sourceTree = "<group>";
		};
		7C51BAD923487334005F0884 /* Sim Radio */ = {
			isa = PBXGroup;
			children = (
				7C5294A623800E2500737224 /* Resources */,
				7C834955237FC42700C7C355 /* Misc */,
				7C51BB2D2348760F005F0884 /* Controllers */,
				7C51BB1823487509005F0884 /* DeckTransition */,
				7C51BB13234874CE005F0884 /* ESTMusicIndicator */,
				7C51BB0C234874A0005F0884 /* Extensions */,
				7C51BAFD2348745E005F0884 /* Views */,
				7C51BAF2234873F0005F0884 /* Radio */,
				7C51BADA23487334005F0884 /* AppDelegate.swift */,
				7C51BAE823487335005F0884 /* Info.plist */,
			);
			path = "Sim Radio";
			sourceTree = "<group>";
		};
		7C51BAF2234873F0005F0884 /* Radio */ = {
			isa = PBXGroup;
			children = (
				7CBD425F237F39E0008341CF /* MediaLibrary */,
				7C51BAF423487414005F0884 /* NowPlayable.swift */,
				7C51BAF323487414005F0884 /* Playlist.swift */,
				7C51BAF523487414005F0884 /* PlaylistBuilder.swift */,
				7C51BAF623487414005F0884 /* PlaylistManager.swift */,
				7C51BAF0234873DF005F0884 /* Radio.swift */,
			);
			path = Radio;
			sourceTree = "<group>";
		};
		7C51BAFD2348745E005F0884 /* Views */ = {
			isa = PBXGroup;
			children = (
				7CE085492386CBC600D449CE /* ProgressIndicatorView.swift */,
				7C51BB012348747D005F0884 /* ControlsButton.swift */,
				7C51BB032348747D005F0884 /* HairlineView.swift */,
				7C51BB022348747D005F0884 /* MarqueeLabel.swift */,
				7C51BAFE2348747D005F0884 /* SeriesCollectionView.swift */,
				7C51BB002348747D005F0884 /* SeriesCollectionViewCell.swift */,
				7C51BB042348747D005F0884 /* StationsHeaderTableViewCell.swift */,
				7C51BAFF2348747D005F0884 /* StationTableViewCell.swift */,
			);
			path = Views;
			sourceTree = "<group>";
		};
		7C51BB0C234874A0005F0884 /* Extensions */ = {
			isa = PBXGroup;
			children = (
				7C4A6B4F2387E8B600CF4EDB /* Comparable+Extension.swift */,
				7C83494F237FC3D500C7C355 /* Double+Extension.swift */,
				7C834950237FC3D500C7C355 /* FileManager+Extension.swift */,
				7C834951237FC3D500C7C355 /* String+Extension.swift */,
				7C51BB0F234874B8005F0884 /* Date+Extension.swift */,
				7C51BB0E234874B8005F0884 /* UINavigationBar+Extension.swift */,
				7C51BB0D234874B8005F0884 /* UIView+Extension.swift */,
			);
			path = Extensions;
			sourceTree = "<group>";
		};
		7C51BB13234874CE005F0884 /* ESTMusicIndicator */ = {
			isa = PBXGroup;
			children = (
				7C51BB14234874E6005F0884 /* ESTMusicIndicatorContentView.swift */,
				7C51BB15234874E6005F0884 /* ESTMusicIndicatorView.swift */,
			);
			path = ESTMusicIndicator;
			sourceTree = "<group>";
		};
		7C51BB1823487509005F0884 /* DeckTransition */ = {
			isa = PBXGroup;
			children = (
				7C51BB2A234875CD005F0884 /* Models */,
				7C51BB272348759E005F0884 /* Protocols */,
				7C51BB1E23487571005F0884 /* TransitioningDelegate */,
				7C51BB1B23487543005F0884 /* Views */,
			);
			path = DeckTransition;
			sourceTree = "<group>";
		};
		7C51BB1B23487543005F0884 /* Views */ = {
			isa = PBXGroup;
			children = (
				7C51BB1C23487557005F0884 /* CardIndicatorView.swift */,
			);
			path = Views;
			sourceTree = "<group>";
		};
		7C51BB1E23487571005F0884 /* TransitioningDelegate */ = {
			isa = PBXGroup;
			children = (
				7C51BB2023487587005F0884 /* CardDismissingAnimationController.swift */,
				7C51BB1F23487587005F0884 /* CardPresentationController.swift */,
				7C51BB2223487587005F0884 /* CardPresentingAnimationController.swift */,
				7C51BB2123487587005F0884 /* CardTransitioningDelegate.swift */,
			);
			path = TransitioningDelegate;
			sourceTree = "<group>";
		};
		7C51BB272348759E005F0884 /* Protocols */ = {
			isa = PBXGroup;
			children = (
				7C51BB28234875B7005F0884 /* CardControllerDelegate.swift */,
			);
			path = Protocols;
			sourceTree = "<group>";
		};
		7C51BB2A234875CD005F0884 /* Models */ = {
			isa = PBXGroup;
			children = (
				7C51BB2B234875E7005F0884 /* CardHaptic.swift */,
			);
			path = Models;
			sourceTree = "<group>";
		};
		7C51BB2D2348760F005F0884 /* Controllers */ = {
			isa = PBXGroup;
			children = (
				7C51BB332348760F005F0884 /* NavigationController.swift */,
				7C51BB322348760F005F0884 /* MiniPlayerViewController.swift */,
				7C51BB312348760F005F0884 /* PlayerCardViewController.swift */,
				7C51BB302348760F005F0884 /* RootViewController.swift */,
				7C51BB2F2348760F005F0884 /* SeriesViewController.swift */,
				7C51BB2E2348760F005F0884 /* StationsViewController.swift */,
			);
			path = Controllers;
			sourceTree = "<group>";
		};
		7C5294A623800E2500737224 /* Resources */ = {
			isa = PBXGroup;
			children = (
				7C51BAE323487335005F0884 /* Assets.xcassets */,
				7C51BAE523487335005F0884 /* LaunchScreen.storyboard */,
				7C51BAE023487334005F0884 /* Main.storyboard */,
				7C9C3EA1237F368A0063D235 /* SimRadio.xcdatamodeld */,
			);
			path = Resources;
			sourceTree = "<group>";
		};
		7C834937237F3B2C00C7C355 /* Download */ = {
			isa = PBXGroup;
			children = (
				7C834943237F3B8E00C7C355 /* DownloadError.swift */,
				7C834944237F3B8E00C7C355 /* FilesDownloadTask.swift */,
				7C834938237F3B3F00C7C355 /* Operations */,
			);
			path = Download;
			sourceTree = "<group>";
		};
		7C834938237F3B3F00C7C355 /* Operations */ = {
			isa = PBXGroup;
			children = (
				7C834939237F3B7E00C7C355 /* AsyncOperation.swift */,
				7C83493A237F3B7E00C7C355 /* AudiofilesDownloadOperation.swift */,
				7C83493B237F3B7E00C7C355 /* FileDownloadOperation.swift */,
				7C83493C237F3B7F00C7C355 /* SeriesModelDownloadOperation.swift */,
				7C83493D237F3B7F00C7C355 /* StationModelDownloadOperation.swift */,
			);
			path = Operations;
			sourceTree = "<group>";
		};
		7C834955237FC42700C7C355 /* Misc */ = {
			isa = PBXGroup;
			children = (
				7C834956237FC44400C7C355 /* Progress.swift */,
				7C834957237FC44400C7C355 /* Synchronization.swift */,
			);
			path = Misc;
			sourceTree = "<group>";
		};
		7CBD425F237F39E0008341CF /* MediaLibrary */ = {
			isa = PBXGroup;
			children = (
				7C834937237F3B2C00C7C355 /* Download */,
				7CBD4260237F39F5008341CF /* PersistData */,
				7C834949237FC37A00C7C355 /* LibraryError.swift */,
				7C834947237FC37A00C7C355 /* MediaLibrary.swift */,
				7C83494A237FC37A00C7C355 /* Model.swift */,
				7C834948237FC37A00C7C355 /* Series.swift */,
			);
			path = MediaLibrary;
			sourceTree = "<group>";
		};
		7CBD4260237F39F5008341CF /* PersistData */ = {
			isa = PBXGroup;
			children = (
				7CBD424B237F38AB008341CF /* DownloadedPersistence+CoreDataClass.swift */,
				7CBD424C237F38AB008341CF /* DownloadedPersistence+CoreDataProperties.swift */,
				7CBD424D237F38AB008341CF /* DownloadTaskPersistence+CoreDataClass.swift */,
				7CBD424E237F38AB008341CF /* DownloadTaskPersistence+CoreDataProperties.swift */,
				7CBD424F237F38AB008341CF /* SeriesPersistence+CoreDataClass.swift */,
				7CBD4250237F38AB008341CF /* SeriesPersistence+CoreDataProperties.swift */,
				7CBD4251237F38AB008341CF /* StationPersistence+CoreDataClass.swift */,
				7CBD4252237F38AB008341CF /* StationPersistence+CoreDataProperties.swift */,
				7CBD4253237F38AB008341CF /* DownloadFilePersistence+CoreDataClass.swift */,
				7CBD4254237F38AB008341CF /* DownloadFilePersistence+CoreDataProperties.swift */,
			);
			path = PersistData;
			sourceTree = "<group>";
		};
/* End PBXGroup section */

/* Begin PBXNativeTarget section */
		7C51BAD623487334005F0884 /* Sim Radio */ = {
			isa = PBXNativeTarget;
			buildConfigurationList = 7C51BAEB23487335005F0884 /* Build configuration list for PBXNativeTarget "Sim Radio" */;
			buildPhases = (
				7C51BAD323487334005F0884 /* Sources */,
				7C51BAD423487334005F0884 /* Frameworks */,
				7C51BAD523487334005F0884 /* Resources */,
				7C88C6932381798E00AB8788 /* ShellScript */,
			);
			buildRules = (
			);
			dependencies = (
			);
			name = "Sim Radio";
			productName = "Sim Radio";
			productReference = 7C51BAD723487334005F0884 /* Sim Radio.app */;
			productType = "com.apple.product-type.application";
		};
/* End PBXNativeTarget section */

/* Begin PBXProject section */
		7C51BACF23487334005F0884 /* Project object */ = {
			isa = PBXProject;
			attributes = {
				LastSwiftUpdateCheck = 1100;
				LastUpgradeCheck = 1100;
				ORGANIZATIONNAME = "Alexey Vorobyov";
				TargetAttributes = {
					7C51BAD623487334005F0884 = {
						CreatedOnToolsVersion = 11.0;
					};
				};
			};
			buildConfigurationList = 7C51BAD223487334005F0884 /* Build configuration list for PBXProject "Sim Radio" */;
			compatibilityVersion = "Xcode 9.3";
			developmentRegion = en;
			hasScannedForEncodings = 0;
			knownRegions = (
				en,
				Base,
			);
			mainGroup = 7C51BACE23487334005F0884;
			productRefGroup = 7C51BAD823487334005F0884 /* Products */;
			projectDirPath = "";
			projectRoot = "";
			targets = (
				7C51BAD623487334005F0884 /* Sim Radio */,
			);
		};
/* End PBXProject section */

/* Begin PBXResourcesBuildPhase section */
		7C51BAD523487334005F0884 /* Resources */ = {
			isa = PBXResourcesBuildPhase;
			buildActionMask = 2147483647;
			files = (
				7C51BAE723487335005F0884 /* LaunchScreen.storyboard in Resources */,
				7C51BAE423487335005F0884 /* Assets.xcassets in Resources */,
				7C51BAE223487334005F0884 /* Main.storyboard in Resources */,
			);
			runOnlyForDeploymentPostprocessing = 0;
		};
/* End PBXResourcesBuildPhase section */

/* Begin PBXShellScriptBuildPhase section */
		7C88C6932381798E00AB8788 /* ShellScript */ = {
			isa = PBXShellScriptBuildPhase;
			buildActionMask = 2147483647;
			files = (
			);
			inputFileListPaths = (
			);
			inputPaths = (
			);
			outputFileListPaths = (
			);
			outputPaths = (
			);
			runOnlyForDeploymentPostprocessing = 0;
			shellPath = /bin/sh;
			shellScript = "if which swiftlint >/dev/null; then\n  swiftlint\nelse\n  echo \"error: SwiftLint does not exist, please install it by command 'brew install swiftlint'\"\n  exit 1\nfi\n";
		};
/* End PBXShellScriptBuildPhase section */

/* Begin PBXSourcesBuildPhase section */
		7C51BAD323487334005F0884 /* Sources */ = {
			isa = PBXSourcesBuildPhase;
			buildActionMask = 2147483647;
			files = (
				7CBD4257237F38AB008341CF /* DownloadTaskPersistence+CoreDataClass.swift in Sources */,
				7C51BB2623487587005F0884 /* CardPresentingAnimationController.swift in Sources */,
				7C51BB11234874B8005F0884 /* UINavigationBar+Extension.swift in Sources */,
				7CBD4259237F38AB008341CF /* SeriesPersistence+CoreDataClass.swift in Sources */,
				7C51BB10234874B8005F0884 /* UIView+Extension.swift in Sources */,
				7C51BADB23487334005F0884 /* AppDelegate.swift in Sources */,
				7CBD425D237F38AB008341CF /* DownloadFilePersistence+CoreDataClass.swift in Sources */,
				7CBD425E237F38AB008341CF /* DownloadFilePersistence+CoreDataProperties.swift in Sources */,
				7C834954237FC3D500C7C355 /* String+Extension.swift in Sources */,
				7C51BB352348760F005F0884 /* SeriesViewController.swift in Sources */,
				7C51BB0A2348747E005F0884 /* HairlineView.swift in Sources */,
				7C834946237F3B8E00C7C355 /* FilesDownloadTask.swift in Sources */,
				7C834953237FC3D500C7C355 /* FileManager+Extension.swift in Sources */,
				7C834941237F3B7F00C7C355 /* SeriesModelDownloadOperation.swift in Sources */,
				7C83494D237FC37A00C7C355 /* LibraryError.swift in Sources */,
				7CBD425A237F38AB008341CF /* SeriesPersistence+CoreDataProperties.swift in Sources */,
				7C51BB092348747E005F0884 /* MarqueeLabel.swift in Sources */,
				7C51BB2C234875E7005F0884 /* CardHaptic.swift in Sources */,
				7C51BB16234874E6005F0884 /* ESTMusicIndicatorContentView.swift in Sources */,
				7C51BB29234875B7005F0884 /* CardControllerDelegate.swift in Sources */,
				7C834940237F3B7F00C7C355 /* FileDownloadOperation.swift in Sources */,
				7C51BB372348760F005F0884 /* PlayerCardViewController.swift in Sources */,
				7C834952237FC3D500C7C355 /* Double+Extension.swift in Sources */,
				7C51BB1D23487557005F0884 /* CardIndicatorView.swift in Sources */,
				7CE0854A2386CBC600D449CE /* ProgressIndicatorView.swift in Sources */,
				7C834958237FC44400C7C355 /* Progress.swift in Sources */,
				7C51BB2523487587005F0884 /* CardTransitioningDelegate.swift in Sources */,
				7C51BB062348747E005F0884 /* StationTableViewCell.swift in Sources */,
				7C834945237F3B8E00C7C355 /* DownloadError.swift in Sources */,
				7C51BB12234874B8005F0884 /* Date+Extension.swift in Sources */,
				7C51BB052348747E005F0884 /* SeriesCollectionView.swift in Sources */,
				7C51BB2423487587005F0884 /* CardDismissingAnimationController.swift in Sources */,
				7C51BB382348760F005F0884 /* MiniPlayerViewController.swift in Sources */,
				7CBD4258237F38AB008341CF /* DownloadTaskPersistence+CoreDataProperties.swift in Sources */,
				7C83494B237FC37A00C7C355 /* MediaLibrary.swift in Sources */,
				7C4A6B502387E8B600CF4EDB /* Comparable+Extension.swift in Sources */,
				7C51BB17234874E6005F0884 /* ESTMusicIndicatorView.swift in Sources */,
				7C51BAF923487414005F0884 /* NowPlayable.swift in Sources */,
				7C9C3EA3237F368A0063D235 /* SimRadio.xcdatamodeld in Sources */,
				7C51BB392348760F005F0884 /* NavigationController.swift in Sources */,
				7CBD4255237F38AB008341CF /* DownloadedPersistence+CoreDataClass.swift in Sources */,
				7C51BB362348760F005F0884 /* RootViewController.swift in Sources */,
				7C51BAFA23487414005F0884 /* PlaylistBuilder.swift in Sources */,
				7C51BB082348747E005F0884 /* ControlsButton.swift in Sources */,
				7C51BAFB23487414005F0884 /* PlaylistManager.swift in Sources */,
				7C51BAF1234873DF005F0884 /* Radio.swift in Sources */,
				7C51BB342348760F005F0884 /* StationsViewController.swift in Sources */,
				7C83494E237FC37A00C7C355 /* Model.swift in Sources */,
				7C83493F237F3B7F00C7C355 /* AudiofilesDownloadOperation.swift in Sources */,
				7C51BAF823487414005F0884 /* Playlist.swift in Sources */,
				7C834942237F3B7F00C7C355 /* StationModelDownloadOperation.swift in Sources */,
				7C51BB072348747E005F0884 /* SeriesCollectionViewCell.swift in Sources */,
				7C834959237FC44400C7C355 /* Synchronization.swift in Sources */,
				7C51BB2323487587005F0884 /* CardPresentationController.swift in Sources */,
				7C83494C237FC37A00C7C355 /* Series.swift in Sources */,
				7CBD425C237F38AB008341CF /* StationPersistence+CoreDataProperties.swift in Sources */,
				7CBD425B237F38AB008341CF /* StationPersistence+CoreDataClass.swift in Sources */,
				7CBD4256237F38AB008341CF /* DownloadedPersistence+CoreDataProperties.swift in Sources */,
				7C83493E237F3B7F00C7C355 /* AsyncOperation.swift in Sources */,
				7C51BB0B2348747E005F0884 /* StationsHeaderTableViewCell.swift in Sources */,
			);
			runOnlyForDeploymentPostprocessing = 0;
		};
/* End PBXSourcesBuildPhase section */

/* Begin PBXVariantGroup section */
		7C51BAE023487334005F0884 /* Main.storyboard */ = {
			isa = PBXVariantGroup;
			children = (
				7C51BAE123487334005F0884 /* Base */,
			);
			name = Main.storyboard;
			sourceTree = "<group>";
		};
		7C51BAE523487335005F0884 /* LaunchScreen.storyboard */ = {
			isa = PBXVariantGroup;
			children = (
				7C51BAE623487335005F0884 /* Base */,
			);
			name = LaunchScreen.storyboard;
			sourceTree = "<group>";
		};
/* End PBXVariantGroup section */

/* Begin XCBuildConfiguration section */
		7C51BAE923487335005F0884 /* Debug */ = {
			isa = XCBuildConfiguration;
			buildSettings = {
				ALWAYS_SEARCH_USER_PATHS = NO;
				CLANG_ANALYZER_NONNULL = YES;
				CLANG_ANALYZER_NUMBER_OBJECT_CONVERSION = YES_AGGRESSIVE;
				CLANG_CXX_LANGUAGE_STANDARD = "gnu++14";
				CLANG_CXX_LIBRARY = "libc++";
				CLANG_ENABLE_MODULES = YES;
				CLANG_ENABLE_OBJC_ARC = YES;
				CLANG_ENABLE_OBJC_WEAK = YES;
				CLANG_WARN_BLOCK_CAPTURE_AUTORELEASING = YES;
				CLANG_WARN_BOOL_CONVERSION = YES;
				CLANG_WARN_COMMA = YES;
				CLANG_WARN_CONSTANT_CONVERSION = YES;
				CLANG_WARN_DEPRECATED_OBJC_IMPLEMENTATIONS = YES;
				CLANG_WARN_DIRECT_OBJC_ISA_USAGE = YES_ERROR;
				CLANG_WARN_DOCUMENTATION_COMMENTS = YES;
				CLANG_WARN_EMPTY_BODY = YES;
				CLANG_WARN_ENUM_CONVERSION = YES;
				CLANG_WARN_INFINITE_RECURSION = YES;
				CLANG_WARN_INT_CONVERSION = YES;
				CLANG_WARN_NON_LITERAL_NULL_CONVERSION = YES;
				CLANG_WARN_OBJC_IMPLICIT_RETAIN_SELF = YES;
				CLANG_WARN_OBJC_LITERAL_CONVERSION = YES;
				CLANG_WARN_OBJC_ROOT_CLASS = YES_ERROR;
				CLANG_WARN_RANGE_LOOP_ANALYSIS = YES;
				CLANG_WARN_STRICT_PROTOTYPES = YES;
				CLANG_WARN_SUSPICIOUS_MOVE = YES;
				CLANG_WARN_UNGUARDED_AVAILABILITY = YES_AGGRESSIVE;
				CLANG_WARN_UNREACHABLE_CODE = YES;
				CLANG_WARN__DUPLICATE_METHOD_MATCH = YES;
				COPY_PHASE_STRIP = NO;
				DEBUG_INFORMATION_FORMAT = dwarf;
				ENABLE_STRICT_OBJC_MSGSEND = YES;
				ENABLE_TESTABILITY = YES;
				GCC_C_LANGUAGE_STANDARD = gnu11;
				GCC_DYNAMIC_NO_PIC = NO;
				GCC_NO_COMMON_BLOCKS = YES;
				GCC_OPTIMIZATION_LEVEL = 0;
				GCC_PREPROCESSOR_DEFINITIONS = (
					"DEBUG=1",
					"$(inherited)",
				);
				GCC_WARN_64_TO_32_BIT_CONVERSION = YES;
				GCC_WARN_ABOUT_RETURN_TYPE = YES_ERROR;
				GCC_WARN_UNDECLARED_SELECTOR = YES;
				GCC_WARN_UNINITIALIZED_AUTOS = YES_AGGRESSIVE;
				GCC_WARN_UNUSED_FUNCTION = YES;
				GCC_WARN_UNUSED_VARIABLE = YES;
				IPHONEOS_DEPLOYMENT_TARGET = 12.4;
				MTL_ENABLE_DEBUG_INFO = INCLUDE_SOURCE;
				MTL_FAST_MATH = YES;
				ONLY_ACTIVE_ARCH = YES;
				SDKROOT = iphoneos;
				SWIFT_ACTIVE_COMPILATION_CONDITIONS = DEBUG;
				SWIFT_OPTIMIZATION_LEVEL = "-Onone";
			};
			name = Debug;
		};
		7C51BAEA23487335005F0884 /* Release */ = {
			isa = XCBuildConfiguration;
			buildSettings = {
				ALWAYS_SEARCH_USER_PATHS = NO;
				CLANG_ANALYZER_NONNULL = YES;
				CLANG_ANALYZER_NUMBER_OBJECT_CONVERSION = YES_AGGRESSIVE;
				CLANG_CXX_LANGUAGE_STANDARD = "gnu++14";
				CLANG_CXX_LIBRARY = "libc++";
				CLANG_ENABLE_MODULES = YES;
				CLANG_ENABLE_OBJC_ARC = YES;
				CLANG_ENABLE_OBJC_WEAK = YES;
				CLANG_WARN_BLOCK_CAPTURE_AUTORELEASING = YES;
				CLANG_WARN_BOOL_CONVERSION = YES;
				CLANG_WARN_COMMA = YES;
				CLANG_WARN_CONSTANT_CONVERSION = YES;
				CLANG_WARN_DEPRECATED_OBJC_IMPLEMENTATIONS = YES;
				CLANG_WARN_DIRECT_OBJC_ISA_USAGE = YES_ERROR;
				CLANG_WARN_DOCUMENTATION_COMMENTS = YES;
				CLANG_WARN_EMPTY_BODY = YES;
				CLANG_WARN_ENUM_CONVERSION = YES;
				CLANG_WARN_INFINITE_RECURSION = YES;
				CLANG_WARN_INT_CONVERSION = YES;
				CLANG_WARN_NON_LITERAL_NULL_CONVERSION = YES;
				CLANG_WARN_OBJC_IMPLICIT_RETAIN_SELF = YES;
				CLANG_WARN_OBJC_LITERAL_CONVERSION = YES;
				CLANG_WARN_OBJC_ROOT_CLASS = YES_ERROR;
				CLANG_WARN_RANGE_LOOP_ANALYSIS = YES;
				CLANG_WARN_STRICT_PROTOTYPES = YES;
				CLANG_WARN_SUSPICIOUS_MOVE = YES;
				CLANG_WARN_UNGUARDED_AVAILABILITY = YES_AGGRESSIVE;
				CLANG_WARN_UNREACHABLE_CODE = YES;
				CLANG_WARN__DUPLICATE_METHOD_MATCH = YES;
				COPY_PHASE_STRIP = NO;
				DEBUG_INFORMATION_FORMAT = "dwarf-with-dsym";
				ENABLE_NS_ASSERTIONS = NO;
				ENABLE_STRICT_OBJC_MSGSEND = YES;
				GCC_C_LANGUAGE_STANDARD = gnu11;
				GCC_NO_COMMON_BLOCKS = YES;
				GCC_WARN_64_TO_32_BIT_CONVERSION = YES;
				GCC_WARN_ABOUT_RETURN_TYPE = YES_ERROR;
				GCC_WARN_UNDECLARED_SELECTOR = YES;
				GCC_WARN_UNINITIALIZED_AUTOS = YES_AGGRESSIVE;
				GCC_WARN_UNUSED_FUNCTION = YES;
				GCC_WARN_UNUSED_VARIABLE = YES;
				IPHONEOS_DEPLOYMENT_TARGET = 12.4;
				MTL_ENABLE_DEBUG_INFO = NO;
				MTL_FAST_MATH = YES;
				SDKROOT = iphoneos;
				SWIFT_COMPILATION_MODE = wholemodule;
				SWIFT_OPTIMIZATION_LEVEL = "-O";
				VALIDATE_PRODUCT = YES;
			};
			name = Release;
		};
		7C51BAEC23487335005F0884 /* Debug */ = {
			isa = XCBuildConfiguration;
			buildSettings = {
				ASSETCATALOG_COMPILER_APPICON_NAME = AppIcon;
				CODE_SIGN_STYLE = Automatic;
				DEVELOPMENT_TEAM = XKHPTWMD44;
				INFOPLIST_FILE = "Sim Radio/Info.plist";
				IPHONEOS_DEPLOYMENT_TARGET = 12.0;
				LD_RUNPATH_SEARCH_PATHS = (
					"$(inherited)",
					"@executable_path/Frameworks",
				);
				PRODUCT_BUNDLE_IDENTIFIER = "acme.Sim-Radio";
				PRODUCT_NAME = "$(TARGET_NAME)";
				SWIFT_VERSION = 5.0;
				TARGETED_DEVICE_FAMILY = 1;
			};
			name = Debug;
		};
		7C51BAED23487335005F0884 /* Release */ = {
			isa = XCBuildConfiguration;
			buildSettings = {
				ASSETCATALOG_COMPILER_APPICON_NAME = AppIcon;
				CODE_SIGN_STYLE = Automatic;
				DEVELOPMENT_TEAM = XKHPTWMD44;
				INFOPLIST_FILE = "Sim Radio/Info.plist";
				IPHONEOS_DEPLOYMENT_TARGET = 12.0;
				LD_RUNPATH_SEARCH_PATHS = (
					"$(inherited)",
					"@executable_path/Frameworks",
				);
				PRODUCT_BUNDLE_IDENTIFIER = "acme.Sim-Radio";
				PRODUCT_NAME = "$(TARGET_NAME)";
				SWIFT_VERSION = 5.0;
				TARGETED_DEVICE_FAMILY = 1;
			};
			name = Release;
		};
/* End XCBuildConfiguration section */

/* Begin XCConfigurationList section */
		7C51BAD223487334005F0884 /* Build configuration list for PBXProject "Sim Radio" */ = {
			isa = XCConfigurationList;
			buildConfigurations = (
				7C51BAE923487335005F0884 /* Debug */,
				7C51BAEA23487335005F0884 /* Release */,
			);
			defaultConfigurationIsVisible = 0;
			defaultConfigurationName = Release;
		};
		7C51BAEB23487335005F0884 /* Build configuration list for PBXNativeTarget "Sim Radio" */ = {
			isa = XCConfigurationList;
			buildConfigurations = (
				7C51BAEC23487335005F0884 /* Debug */,
				7C51BAED23487335005F0884 /* Release */,
			);
			defaultConfigurationIsVisible = 0;
			defaultConfigurationName = Release;
		};
/* End XCConfigurationList section */

/* Begin XCVersionGroup section */
		7C9C3EA1237F368A0063D235 /* SimRadio.xcdatamodeld */ = {
			isa = XCVersionGroup;
			children = (
				7C9C3EA2237F368A0063D235 /* SimRadio.xcdatamodel */,
			);
			currentVersion = 7C9C3EA2237F368A0063D235 /* SimRadio.xcdatamodel */;
			path = SimRadio.xcdatamodeld;
			sourceTree = "<group>";
			versionGroupType = wrapper.xcdatamodel;
		};
/* End XCVersionGroup section */
	};
	rootObject = 7C51BACF23487334005F0884 /* Project object */;
}
